{
  "name": "tmp-tools",
  "version": "1.0.0",
  "lockfileVersion": 3,
  "requires": true,
  "packages": {
    "": {
      "name": "tmp-tools",
      "version": "1.0.0",
      "dependencies": {
        "snappyjs": "^0.7.0"
      }
    },
    "node_modules/snappyjs": {
      "version": "0.7.0",
      "resolved": "https://registry.npmjs.org/snappyjs/-/snappyjs-0.7.0.tgz",
      "integrity": "sha512-u5iEEXkMe2EInQio6Wv9LWHOQYRDbD2O9hzS27GpT/lwfIQhTCnHCTqedqHIHe9ZcvQo+9au6vngQayipz1NYw==",
      "license": "MIT"
    }
  }
}
